Microsoft Visual Studio Solution File, Format Version 11.00
# Visual Studio 2008

Project("{E0E4BB1A-3E66-0E23-E91A-67633C76035D}") = "2IMV25_VR", "Assembly-CSharp-firstpass-vs.csproj", "{9522B006-A537-B2EA-1891-8CE5FDA3B67E}"
EndProject
Project("{E0E4BB1A-3E66-0E23-E91A-67633C76035D}") = "2IMV25_VR", "Assembly-CSharp-vs.csproj", "{1E206D38-3D54-2787-1DC8-DB18F93E774A}"
EndProject
Project("{E0E4BB1A-3E66-0E23-E91A-67633C76035D}") = "2IMV25_VR", "Assembly-CSharp-Editor-vs.csproj", "{A78F71F6-4F35-D1F7-C1F4-4E4D710A212A}"
EndProject
Global
	GlobalSection(SolutionConfigurationPlatforms) = preSolution
		Debug|Any CPU = Debug|Any CPU
		Release|Any CPU = Release|Any CPU
	EndGlobalSection
	GlobalSection(ProjectConfigurationPlatforms) = postSolution
		{9522B006-A537-B2EA-1891-8CE5FDA3B67E}.Debug|Any CPU.ActiveCfg = Debug|Any CPU
		{9522B006-A537-B2EA-1891-8CE5FDA3B67E}.Debug|Any CPU.Build.0 = Debug|Any CPU
		{9522B006-A537-B2EA-1891-8CE5FDA3B67E}.Release|Any CPU.ActiveCfg = Release|Any CPU
		{9522B006-A537-B2EA-1891-8CE5FDA3B67E}.Release|Any CPU.Build.0 = Release|Any CPU
		{1E206D38-3D54-2787-1DC8-DB18F93E774A}.Debug|Any CPU.ActiveCfg = Debug|Any CPU
		{1E206D38-3D54-2787-1DC8-DB18F93E774A}.Debug|Any CPU.Build.0 = Debug|Any CPU
		{1E206D38-3D54-2787-1DC8-DB18F93E774A}.Release|Any CPU.ActiveCfg = Release|Any CPU
		{1E206D38-3D54-2787-1DC8-DB18F93E774A}.Release|Any CPU.Build.0 = Release|Any CPU
		{A78F71F6-4F35-D1F7-C1F4-4E4D710A212A}.Debug|Any CPU.ActiveCfg = Debug|Any CPU
		{A78F71F6-4F35-D1F7-C1F4-4E4D710A212A}.Debug|Any CPU.Build.0 = Debug|Any CPU
		{A78F71F6-4F35-D1F7-C1F4-4E4D710A212A}.Release|Any CPU.ActiveCfg = Release|Any CPU
		{A78F71F6-4F35-D1F7-C1F4-4E4D710A212A}.Release|Any CPU.Build.0 = Release|Any CPU
	EndGlobalSection
	GlobalSection(SolutionProperties) = preSolution
		HideSolutionNode = FALSE
	EndGlobalSection
																					GlobalSection(MonoDevelopProperties) = preSolution
		StartupItem = Assembly-CSharp.csproj
		Policies = $0
		$0.TextStylePolicy = $1
		$1.inheritsSet = null
		$1.scope = text/x-csharp
		$0.CSharpFormattingPolicy = $2
		$2.inheritsSet = Mono
		$2.inheritsScope = text/x-csharp
		$2.scope = text/x-csharp
		$0.TextStylePolicy = $3
		$3.FileWidth = 120
		$3.TabWidth = 4
		$3.IndentWidth = 4
		$3.EolMarker = Unix
		$3.inheritsSet = Mono
		$3.inheritsScope = text/plain
		$3.scope = text/plain
	EndGlobalSection

EndGlobal
