
Microsoft Visual Studio Solution File, Format Version 12.00
# Visual Studio 2015
Project("{FAE04EC0-301F-11D3-BF4B-00C04F79EFBC}") = "2IMV25_VR.CSharp.Plugins", "2IMV25_VR.CSharp.Plugins.csproj", "{E870EF16-3BEC-25AC-BD72-CB393732114B}"
EndProject
Project("{FAE04EC0-301F-11D3-BF4B-00C04F79EFBC}") = "2IMV25_VR.CSharp", "2IMV25_VR.CSharp.csproj", "{31073E4C-607E-D556-07C7-618AA3D0BA0C}"
EndProject
Project("{FAE04EC0-301F-11D3-BF4B-00C04F79EFBC}") = "2IMV25_VR.CSharp.Editor", "2IMV25_VR.CSharp.Editor.csproj", "{C4E699B1-DDF1-8500-F137-0DF0A1941FC7}"
EndProject
Global
	GlobalSection(SolutionConfigurationPlatforms) = preSolution
		Debug|Any CPU = Debug|Any CPU
		Release|Any CPU = Release|Any CPU
	EndGlobalSection
	GlobalSection(ProjectConfigurationPlatforms) = postSolution
		{E870EF16-3BEC-25AC-BD72-CB393732114B}.Debug|Any CPU.ActiveCfg = Debug|Any CPU
		{E870EF16-3BEC-25AC-BD72-CB393732114B}.Debug|Any CPU.Build.0 = Debug|Any CPU
		{E870EF16-3BEC-25AC-BD72-CB393732114B}.Release|Any CPU.ActiveCfg = Release|Any CPU
		{E870EF16-3BEC-25AC-BD72-CB393732114B}.Release|Any CPU.Build.0 = Release|Any CPU
		{31073E4C-607E-D556-07C7-618AA3D0BA0C}.Debug|Any CPU.ActiveCfg = Debug|Any CPU
		{31073E4C-607E-D556-07C7-618AA3D0BA0C}.Debug|Any CPU.Build.0 = Debug|Any CPU
		{31073E4C-607E-D556-07C7-618AA3D0BA0C}.Release|Any CPU.ActiveCfg = Release|Any CPU
		{31073E4C-607E-D556-07C7-618AA3D0BA0C}.Release|Any CPU.Build.0 = Release|Any CPU
		{C4E699B1-DDF1-8500-F137-0DF0A1941FC7}.Debug|Any CPU.ActiveCfg = Debug|Any CPU
		{C4E699B1-DDF1-8500-F137-0DF0A1941FC7}.Debug|Any CPU.Build.0 = Debug|Any CPU
		{C4E699B1-DDF1-8500-F137-0DF0A1941FC7}.Release|Any CPU.ActiveCfg = Release|Any CPU
		{C4E699B1-DDF1-8500-F137-0DF0A1941FC7}.Release|Any CPU.Build.0 = Release|Any CPU
	EndGlobalSection
	GlobalSection(SolutionProperties) = preSolution
		HideSolutionNode = FALSE
	EndGlobalSection
EndGlobal
